
Microsoft Visual Studio Solution File, Format Version 12.00
# Visual Studio Version 16
VisualStudioVersion = 16.0.29920.165
MinimumVisualStudioVersion = 10.0.40219.1
Project("{FAE04EC0-301F-11D3-BF4B-00C04F79EFBC}") = "AspNetCoreWebApp", "AspNetCoreWebApp.csproj", "{B0C9347B-6AA4-47B4-8D20-96A93F6ED18E}"
EndProject
Global
	GlobalSection(SolutionConfigurationPlatforms) = preSolution
		Debug|Any CPU = Debug|Any CPU
		Release|Any CPU = Release|Any CPU
	EndGlobalSection
	GlobalSection(ProjectConfigurationPlatforms) = postSolution
		{B0C9347B-6AA4-47B4-8D20-96A93F6ED18E}.Debug|Any CPU.ActiveCfg = Debug|Any CPU
		{B0C9347B-6AA4-47B4-8D20-96A93F6ED18E}.Debug|Any CPU.Build.0 = Debug|Any CPU
		{B0C9347B-6AA4-47B4-8D20-96A93F6ED18E}.Release|Any CPU.ActiveCfg = Release|Any CPU
		{B0C9347B-6AA4-47B4-8D20-96A93F6ED18E}.Release|Any CPU.Build.0 = Release|Any CPU
	EndGlobalSection
	GlobalSection(SolutionProperties) = preSolution
		HideSolutionNode = FALSE
	EndGlobalSection
	GlobalSection(ExtensibilityGlobals) = postSolution
		SolutionGuid = {E7333DD4-CB24-4ACF-A947-77605A111771}
	EndGlobalSection
EndGlobal
